// !$*UTF8*$!
{
	archiveVersion = 1;
	classes = {
	};
	objectVersion = 46;
	objects = {

/* Begin PBXBuildFile section */
		93816F361CD0BB0800B77110 /* AppDelegate.swift in Sources */ = {isa = PBXBuildFile; fileRef = 93816F351CD0BB0800B77110 /* AppDelegate.swift */; };
		93816F381CD0BB0800B77110 /* ViewController.swift in Sources */ = {isa = PBXBuildFile; fileRef = 93816F371CD0BB0800B77110 /* ViewController.swift */; };
		93816F3B1CD0BB0800B77110 /* Main.storyboard in Resources */ = {isa = PBXBuildFile; fileRef = 93816F391CD0BB0800B77110 /* Main.storyboard */; };
		93816F3D1CD0BB0800B77110 /* Assets.xcassets in Resources */ = {isa = PBXBuildFile; fileRef = 93816F3C1CD0BB0800B77110 /* Assets.xcassets */; };
		93816F401CD0BB0800B77110 /* LaunchScreen.storyboard in Resources */ = {isa = PBXBuildFile; fileRef = 93816F3E1CD0BB0800B77110 /* LaunchScreen.storyboard */; };
		93816F4B1CD0BB0800B77110 /* Html54_27Tests.swift in Sources */ = {isa = PBXBuildFile; fileRef = 93816F4A1CD0BB0800B77110 /* Html54_27Tests.swift */; };
		93816F561CD0BB0900B77110 /* Html54_27UITests.swift in Sources */ = {isa = PBXBuildFile; fileRef = 93816F551CD0BB0900B77110 /* Html54_27UITests.swift */; };
		93816F741CD0BB2E00B77110 /* .project in Resources */ = {isa = PBXBuildFile; fileRef = 93816F641CD0BB2E00B77110 /* .project */; };
		93816F751CD0BB2E00B77110 /* mui.ttf in Resources */ = {isa = PBXBuildFile; fileRef = 93816F661CD0BB2E00B77110 /* mui.ttf */; };
		93816F761CD0BB2E00B77110 /* .confirmed_dependencies in Resources */ = {isa = PBXBuildFile; fileRef = 93816F681CD0BB2E00B77110 /* .confirmed_dependencies */; };
		93816F771CD0BB2E00B77110 /* H5ADD9A23_0426213909.apk in Resources */ = {isa = PBXBuildFile; fileRef = 93816F6A1CD0BB2E00B77110 /* H5ADD9A23_0426213909.apk */; };
		93816F781CD0BB2E00B77110 /* H5ADD9A23_0427170432.ipa in Resources */ = {isa = PBXBuildFile; fileRef = 93816F6B1CD0BB2E00B77110 /* H5ADD9A23_0427170432.ipa */; };
		93816F791CD0BB2E00B77110 /* mui.min.css in Resources */ = {isa = PBXBuildFile; fileRef = 93816F6D1CD0BB2E00B77110 /* mui.min.css */; };
		93816F7A1CD0BB2E00B77110 /* mui.css in Resources */ = {isa = PBXBuildFile; fileRef = 93816F6E1CD0BB2E00B77110 /* mui.css */; };
		93816F7B1CD0BB2E00B77110 /* mui.js in Resources */ = {isa = PBXBuildFile; fileRef = 93816F701CD0BB2E00B77110 /* mui.js */; };
		93816F7C1CD0BB2E00B77110 /* mui.min.js in Resources */ = {isa = PBXBuildFile; fileRef = 93816F711CD0BB2E00B77110 /* mui.min.js */; };
		93816F7D1CD0BB2E00B77110 /* manifest.json in Resources */ = {isa = PBXBuildFile; fileRef = 93816F721CD0BB2E00B77110 /* manifest.json */; };
		93816F7E1CD0BB2E00B77110 /* index.html in Resources */ = {isa = PBXBuildFile; fileRef = 93816F731CD0BB2E00B77110 /* index.html */; };
/* End PBXBuildFile section */

/* Begin PBXContainerItemProxy section */
		93816F471CD0BB0800B77110 /* PBXContainerItemProxy */ = {
			isa = PBXContainerItemProxy;
			containerPortal = 93816F2A1CD0BB0700B77110 /* Project object */;
			proxyType = 1;
			remoteGlobalIDString = 93816F311CD0BB0700B77110;
			remoteInfo = Html54.27;
		};
		93816F521CD0BB0800B77110 /* PBXContainerItemProxy */ = {
			isa = PBXContainerItemProxy;
			containerPortal = 93816F2A1CD0BB0700B77110 /* Project object */;
			proxyType = 1;
			remoteGlobalIDString = 93816F311CD0BB0700B77110;
			remoteInfo = Html54.27;
		};
/* End PBXContainerItemProxy section */

/* Begin PBXFileReference section */
		93816F321CD0BB0700B77110 /* Html54.27.app */ = {isa = PBXFileReference; explicitFileType = wrapper.application; includeInIndex = 0; path = Html54.27.app; sourceTree = BUILT_PRODUCTS_DIR; };
		93816F351CD0BB0800B77110 /* AppDelegate.swift */ = {isa = PBXFileReference; lastKnownFileType = sourcecode.swift; path = AppDelegate.swift; sourceTree = "<group>"; };
		93816F371CD0BB0800B77110 /* ViewController.swift */ = {isa = PBXFileReference; lastKnownFileType = sourcecode.swift; path = ViewController.swift; sourceTree = "<group>"; };
		93816F3A1CD0BB0800B77110 /* Base */ = {isa = PBXFileReference; lastKnownFileType = file.storyboard; name = Base; path = Base.lproj/Main.storyboard; sourceTree = "<group>"; };
		93816F3C1CD0BB0800B77110 /* Assets.xcassets */ = {isa = PBXFileReference; lastKnownFileType = folder.assetcatalog; path = Assets.xcassets; sourceTree = "<group>"; };
		93816F3F1CD0BB0800B77110 /* Base */ = {isa = PBXFileReference; lastKnownFileType = file.storyboard; name = Base; path = Base.lproj/LaunchScreen.storyboard; sourceTree = "<group>"; };
		93816F411CD0BB0800B77110 /* Info.plist */ = {isa = PBXFileReference; lastKnownFileType = text.plist.xml; path = Info.plist; sourceTree = "<group>"; };
		93816F461CD0BB0800B77110 /* Html54.27Tests.xctest */ = {isa = PBXFileReference; explicitFileType = wrapper.cfbundle; includeInIndex = 0; path = Html54.27Tests.xctest; sourceTree = BUILT_PRODUCTS_DIR; };
		93816F4A1CD0BB0800B77110 /* Html54_27Tests.swift */ = {isa = PBXFileReference; lastKnownFileType = sourcecode.swift; path = Html54_27Tests.swift; sourceTree = "<group>"; };
		93816F4C1CD0BB0800B77110 /* Info.plist */ = {isa = PBXFileReference; lastKnownFileType = text.plist.xml; path = Info.plist; sourceTree = "<group>"; };
		93816F511CD0BB0800B77110 /* Html54.27UITests.xctest */ = {isa = PBXFileReference; explicitFileType = wrapper.cfbundle; includeInIndex = 0; path = Html54.27UITests.xctest; sourceTree = BUILT_PRODUCTS_DIR; };
		93816F551CD0BB0900B77110 /* Html54_27UITests.swift */ = {isa = PBXFileReference; lastKnownFileType = sourcecode.swift; path = Html54_27UITests.swift; sourceTree = "<group>"; };
		93816F571CD0BB0900B77110 /* Info.plist */ = {isa = PBXFileReference; lastKnownFileType = text.plist.xml; path = Info.plist; sourceTree = "<group>"; };
		93816F641CD0BB2E00B77110 /* .project */ = {isa = PBXFileReference; fileEncoding = 4; lastKnownFileType = text.xml; path = .project; sourceTree = "<group>"; };
		93816F661CD0BB2E00B77110 /* mui.ttf */ = {isa = PBXFileReference; lastKnownFileType = file; path = mui.ttf; sourceTree = "<group>"; };
		93816F681CD0BB2E00B77110 /* .confirmed_dependencies */ = {isa = PBXFileReference; fileEncoding = 4; lastKnownFileType = text; path = .confirmed_dependencies; sourceTree = "<group>"; };
		93816F6A1CD0BB2E00B77110 /* H5ADD9A23_0426213909.apk */ = {isa = PBXFileReference; lastKnownFileType = file; path = H5ADD9A23_0426213909.apk; sourceTree = "<group>"; };
		93816F6B1CD0BB2E00B77110 /* H5ADD9A23_0427170432.ipa */ = {isa = PBXFileReference; lastKnownFileType = file; path = H5ADD9A23_0427170432.ipa; sourceTree = "<group>"; };
		93816F6D1CD0BB2E00B77110 /* mui.min.css */ = {isa = PBXFileReference; fileEncoding = 4; lastKnownFileType = text.css; path = mui.min.css; sourceTree = "<group>"; };
		93816F6E1CD0BB2E00B77110 /* mui.css */ = {isa = PBXFileReference; fileEncoding = 4; lastKnownFileType = text.css; path = mui.css; sourceTree = "<group>"; };
		93816F701CD0BB2E00B77110 /* mui.js */ = {isa = PBXFileReference; fileEncoding = 4; lastKnownFileType = sourcecode.javascript; path = mui.js; sourceTree = "<group>"; };
		93816F711CD0BB2E00B77110 /* mui.min.js */ = {isa = PBXFileReference; fileEncoding = 4; lastKnownFileType = sourcecode.javascript; path = mui.min.js; sourceTree = "<group>"; };
		93816F721CD0BB2E00B77110 /* manifest.json */ = {isa = PBXFileReference; fileEncoding = 4; lastKnownFileType = text.json; path = manifest.json; sourceTree = "<group>"; };
		93816F731CD0BB2E00B77110 /* index.html */ = {isa = PBXFileReference; fileEncoding = 4; lastKnownFileType = text.html; path = index.html; sourceTree = "<group>"; };
/* End PBXFileReference section */

/* Begin PBXFrameworksBuildPhase section */
		93816F2F1CD0BB0700B77110 /* Frameworks */ = {
			isa = PBXFrameworksBuildPhase;
			buildActionMask = 2147483647;
			files = (
			);
			runOnlyForDeploymentPostprocessing = 0;
		};
		93816F431CD0BB0800B77110 /* Frameworks */ = {
			isa = PBXFrameworksBuildPhase;
			buildActionMask = 2147483647;
			files = (
			);
			runOnlyForDeploymentPostprocessing = 0;
		};
		93816F4E1CD0BB0800B77110 /* Frameworks */ = {
			isa = PBXFrameworksBuildPhase;
			buildActionMask = 2147483647;
			files = (
			);
			runOnlyForDeploymentPostprocessing = 0;
		};
/* End PBXFrameworksBuildPhase section */

/* Begin PBXGroup section */
		93816F291CD0BB0700B77110 = {
			isa = PBXGroup;
			children = (
				93816F341CD0BB0700B77110 /* Html54.27 */,
				93816F491CD0BB0800B77110 /* Html54.27Tests */,
				93816F541CD0BB0900B77110 /* Html54.27UITests */,
				93816F331CD0BB0700B77110 /* Products */,
			);
			sourceTree = "<group>";
		};
		93816F331CD0BB0700B77110 /* Products */ = {
			isa = PBXGroup;
			children = (
				93816F321CD0BB0700B77110 /* Html54.27.app */,
				93816F461CD0BB0800B77110 /* Html54.27Tests.xctest */,
				93816F511CD0BB0800B77110 /* Html54.27UITests.xctest */,
			);
			name = Products;
			sourceTree = "<group>";
		};
		93816F341CD0BB0700B77110 /* Html54.27 */ = {
			isa = PBXGroup;
			children = (
				93816F631CD0BB2E00B77110 /* homeWork2 */,
				93816F351CD0BB0800B77110 /* AppDelegate.swift */,
				93816F371CD0BB0800B77110 /* ViewController.swift */,
				93816F391CD0BB0800B77110 /* Main.storyboard */,
				93816F3C1CD0BB0800B77110 /* Assets.xcassets */,
				93816F3E1CD0BB0800B77110 /* LaunchScreen.storyboard */,
				93816F411CD0BB0800B77110 /* Info.plist */,
			);
			path = Html54.27;
			sourceTree = "<group>";
		};
		93816F491CD0BB0800B77110 /* Html54.27Tests */ = {
			isa = PBXGroup;
			children = (
				93816F4A1CD0BB0800B77110 /* Html54_27Tests.swift */,
				93816F4C1CD0BB0800B77110 /* Info.plist */,
			);
			path = Html54.27Tests;
			sourceTree = "<group>";
		};
		93816F541CD0BB0900B77110 /* Html54.27UITests */ = {
			isa = PBXGroup;
			children = (
				93816F551CD0BB0900B77110 /* Html54_27UITests.swift */,
				93816F571CD0BB0900B77110 /* Info.plist */,
			);
			path = Html54.27UITests;
			sourceTree = "<group>";
		};
		93816F631CD0BB2E00B77110 /* homeWork2 */ = {
			isa = PBXGroup;
			children = (
				93816F641CD0BB2E00B77110 /* .project */,
				93816F651CD0BB2E00B77110 /* fonts */,
				93816F671CD0BB2E00B77110 /* unpackage */,
				93816F6C1CD0BB2E00B77110 /* css */,
				93816F6F1CD0BB2E00B77110 /* js */,
				93816F721CD0BB2E00B77110 /* manifest.json */,
				93816F731CD0BB2E00B77110 /* index.html */,
			);
			path = homeWork2;
			sourceTree = "<group>";
		};
		93816F651CD0BB2E00B77110 /* fonts */ = {
			isa = PBXGroup;
			children = (
				93816F661CD0BB2E00B77110 /* mui.ttf */,
			);
			path = fonts;
			sourceTree = "<group>";
		};
		93816F671CD0BB2E00B77110 /* unpackage */ = {
			isa = PBXGroup;
			children = (
				93816F681CD0BB2E00B77110 /* .confirmed_dependencies */,
				93816F691CD0BB2E00B77110 /* release */,
			);
			path = unpackage;
			sourceTree = "<group>";
		};
		93816F691CD0BB2E00B77110 /* release */ = {
			isa = PBXGroup;
			children = (
				93816F6A1CD0BB2E00B77110 /* H5ADD9A23_0426213909.apk */,
				93816F6B1CD0BB2E00B77110 /* H5ADD9A23_0427170432.ipa */,
			);
			path = release;
			sourceTree = "<group>";
		};
		93816F6C1CD0BB2E00B77110 /* css */ = {
			isa = PBXGroup;
			children = (
				93816F6D1CD0BB2E00B77110 /* mui.min.css */,
				93816F6E1CD0BB2E00B77110 /* mui.css */,
			);
			path = css;
			sourceTree = "<group>";
		};
		93816F6F1CD0BB2E00B77110 /* js */ = {
			isa = PBXGroup;
			children = (
				93816F701CD0BB2E00B77110 /* mui.js */,
				93816F711CD0BB2E00B77110 /* mui.min.js */,
			);
			path = js;
			sourceTree = "<group>";
		};
/* End PBXGroup section */

/* Begin PBXNativeTarget section */
		93816F311CD0BB0700B77110 /* Html54.27 */ = {
			isa = PBXNativeTarget;
			buildConfigurationList = 93816F5A1CD0BB0900B77110 /* Build configuration list for PBXNativeTarget "Html54.27" */;
			buildPhases = (
				93816F2E1CD0BB0700B77110 /* Sources */,
				93816F2F1CD0BB0700B77110 /* Frameworks */,
				93816F301CD0BB0700B77110 /* Resources */,
			);
			buildRules = (
			);
			dependencies = (
			);
			name = Html54.27;
			productName = Html54.27;
			productReference = 93816F321CD0BB0700B77110 /* Html54.27.app */;
			productType = "com.apple.product-type.application";
		};
		93816F451CD0BB0800B77110 /* Html54.27Tests */ = {
			isa = PBXNativeTarget;
			buildConfigurationList = 93816F5D1CD0BB0900B77110 /* Build configuration list for PBXNativeTarget "Html54.27Tests" */;
			buildPhases = (
				93816F421CD0BB0800B77110 /* Sources */,
				93816F431CD0BB0800B77110 /* Frameworks */,
				93816F441CD0BB0800B77110 /* Resources */,
			);
			buildRules = (
			);
			dependencies = (
				93816F481CD0BB0800B77110 /* PBXTargetDependency */,
			);
			name = Html54.27Tests;
			productName = Html54.27Tests;
			productReference = 93816F461CD0BB0800B77110 /* Html54.27Tests.xctest */;
			productType = "com.apple.product-type.bundle.unit-test";
		};
		93816F501CD0BB0800B77110 /* Html54.27UITests */ = {
			isa = PBXNativeTarget;
			buildConfigurationList = 93816F601CD0BB0900B77110 /* Build configuration list for PBXNativeTarget "Html54.27UITests" */;
			buildPhases = (
				93816F4D1CD0BB0800B77110 /* Sources */,
				93816F4E1CD0BB0800B77110 /* Frameworks */,
				93816F4F1CD0BB0800B77110 /* Resources */,
			);
			buildRules = (
			);
			dependencies = (
				93816F531CD0BB0800B77110 /* PBXTargetDependency */,
			);
			name = Html54.27UITests;
			productName = Html54.27UITests;
			productReference = 93816F511CD0BB0800B77110 /* Html54.27UITests.xctest */;
			productType = "com.apple.product-type.bundle.ui-testing";
		};
/* End PBXNativeTarget section */

/* Begin PBXProject section */
		93816F2A1CD0BB0700B77110 /* Project object */ = {
			isa = PBXProject;
			attributes = {
				LastSwiftUpdateCheck = 0720;
				LastUpgradeCheck = 0720;
				ORGANIZATIONNAME = zhyu;
				TargetAttributes = {
					93816F311CD0BB0700B77110 = {
						CreatedOnToolsVersion = 7.2;
					};
					93816F451CD0BB0800B77110 = {
						CreatedOnToolsVersion = 7.2;
						TestTargetID = 93816F311CD0BB0700B77110;
					};
					93816F501CD0BB0800B77110 = {
						CreatedOnToolsVersion = 7.2;
						TestTargetID = 93816F311CD0BB0700B77110;
					};
				};
			};
			buildConfigurationList = 93816F2D1CD0BB0700B77110 /* Build configuration list for PBXProject "Html54.27" */;
			compatibilityVersion = "Xcode 3.2";
			developmentRegion = English;
			hasScannedForEncodings = 0;
			knownRegions = (
				en,
				Base,
			);
			mainGroup = 93816F291CD0BB0700B77110;
			productRefGroup = 93816F331CD0BB0700B77110 /* Products */;
			projectDirPath = "";
			projectRoot = "";
			targets = (
				93816F311CD0BB0700B77110 /* Html54.27 */,
				93816F451CD0BB0800B77110 /* Html54.27Tests */,
				93816F501CD0BB0800B77110 /* Html54.27UITests */,
			);
		};
/* End PBXProject section */

/* Begin PBXResourcesBuildPhase section */
		93816F301CD0BB0700B77110 /* Resources */ = {
			isa = PBXResourcesBuildPhase;
			buildActionMask = 2147483647;
			files = (
				93816F401CD0BB0800B77110 /* LaunchScreen.storyboard in Resources */,
				93816F7B1CD0BB2E00B77110 /* mui.js in Resources */,
				93816F7A1CD0BB2E00B77110 /* mui.css in Resources */,
				93816F7D1CD0BB2E00B77110 /* manifest.json in Resources */,
				93816F741CD0BB2E00B77110 /* .project in Resources */,
				93816F781CD0BB2E00B77110 /* H5ADD9A23_0427170432.ipa in Resources */,
				93816F3D1CD0BB0800B77110 /* Assets.xcassets in Resources */,
				93816F7E1CD0BB2E00B77110 /* index.html in Resources */,
				93816F791CD0BB2E00B77110 /* mui.min.css in Resources */,
				93816F3B1CD0BB0800B77110 /* Main.storyboard in Resources */,
				93816F761CD0BB2E00B77110 /* .confirmed_dependencies in Resources */,
				93816F771CD0BB2E00B77110 /* H5ADD9A23_0426213909.apk in Resources */,
				93816F7C1CD0BB2E00B77110 /* mui.min.js in Resources */,
				93816F751CD0BB2E00B77110 /* mui.ttf in Resources */,
			);
			runOnlyForDeploymentPostprocessing = 0;
		};
		93816F441CD0BB0800B77110 /* Resources */ = {
			isa = PBXResourcesBuildPhase;
			buildActionMask = 2147483647;
			files = (
			);
			runOnlyForDeploymentPostprocessing = 0;
		};
		93816F4F1CD0BB0800B77110 /* Resources */ = {
			isa = PBXResourcesBuildPhase;
			buildActionMask = 2147483647;
			files = (
			);
			runOnlyForDeploymentPostprocessing = 0;
		};
/* End PBXResourcesBuildPhase section */

/* Begin PBXSourcesBuildPhase section */
		93816F2E1CD0BB0700B77110 /* Sources */ = {
			isa = PBXSourcesBuildPhase;
			buildActionMask = 2147483647;
			files = (
				93816F381CD0BB0800B77110 /* ViewController.swift in Sources */,
				93816F361CD0BB0800B77110 /* AppDelegate.swift in Sources */,
			);
			runOnlyForDeploymentPostprocessing = 0;
		};
		93816F421CD0BB0800B77110 /* Sources */ = {
			isa = PBXSourcesBuildPhase;
			buildActionMask = 2147483647;
			files = (
				93816F4B1CD0BB0800B77110 /* Html54_27Tests.swift in Sources */,
			);
			runOnlyForDeploymentPostprocessing = 0;
		};
		93816F4D1CD0BB0800B77110 /* Sources */ = {
			isa = PBXSourcesBuildPhase;
			buildActionMask = 2147483647;
			files = (
				93816F561CD0BB0900B77110 /* Html54_27UITests.swift in Sources */,
			);
			runOnlyForDeploymentPostprocessing = 0;
		};
/* End PBXSourcesBuildPhase section */

/* Begin PBXTargetDependency section */
		93816F481CD0BB0800B77110 /* PBXTargetDependency */ = {
			isa = PBXTargetDependency;
			target = 93816F311CD0BB0700B77110 /* Html54.27 */;
			targetProxy = 93816F471CD0BB0800B77110 /* PBXContainerItemProxy */;
		};
		93816F531CD0BB0800B77110 /* PBXTargetDependency */ = {
			isa = PBXTargetDependency;
			target = 93816F311CD0BB0700B77110 /* Html54.27 */;
			targetProxy = 93816F521CD0BB0800B77110 /* PBXContainerItemProxy */;
		};
/* End PBXTargetDependency section */

/* Begin PBXVariantGroup section */
		93816F391CD0BB0800B77110 /* Main.storyboard */ = {
			isa = PBXVariantGroup;
			children = (
				93816F3A1CD0BB0800B77110 /* Base */,
			);
			name = Main.storyboard;
			sourceTree = "<group>";
		};
		93816F3E1CD0BB0800B77110 /* LaunchScreen.storyboard */ = {
			isa = PBXVariantGroup;
			children = (
				93816F3F1CD0BB0800B77110 /* Base */,
			);
			name = LaunchScreen.storyboard;
			sourceTree = "<group>";
		};
/* End PBXVariantGroup section */

/* Begin XCBuildConfiguration section */
		93816F581CD0BB0900B77110 /* Debug */ = {
			isa = XCBuildConfiguration;
			buildSettings = {
				ALWAYS_SEARCH_USER_PATHS = NO;
				CLANG_CXX_LANGUAGE_STANDARD = "gnu++0x";
				CLANG_CXX_LIBRARY = "libc++";
				CLANG_ENABLE_MODULES = YES;
				CLANG_ENABLE_OBJC_ARC = YES;
				CLANG_WARN_BOOL_CONVERSION = YES;
				CLANG_WARN_CONSTANT_CONVERSION = YES;
				CLANG_WARN_DIRECT_OBJC_ISA_USAGE = YES_ERROR;
				CLANG_WARN_EMPTY_BODY = YES;
				CLANG_WARN_ENUM_CONVERSION = YES;
				CLANG_WARN_INT_CONVERSION = YES;
				CLANG_WARN_OBJC_ROOT_CLASS = YES_ERROR;
				CLANG_WARN_UNREACHABLE_CODE = YES;
				CLANG_WARN__DUPLICATE_METHOD_MATCH = YES;
				"CODE_SIGN_IDENTITY[sdk=iphoneos*]" = "iPhone Developer";
				COPY_PHASE_STRIP = NO;
				DEBUG_INFORMATION_FORMAT = dwarf;
				ENABLE_STRICT_OBJC_MSGSEND = YES;
				ENABLE_TESTABILITY = YES;
				GCC_C_LANGUAGE_STANDARD = gnu99;
				GCC_DYNAMIC_NO_PIC = NO;
				GCC_NO_COMMON_BLOCKS = YES;
				GCC_OPTIMIZATION_LEVEL = 0;
				GCC_PREPROCESSOR_DEFINITIONS = (
					"DEBUG=1",
					"$(inherited)",
				);
				GCC_WARN_64_TO_32_BIT_CONVERSION = YES;
				GCC_WARN_ABOUT_RETURN_TYPE = YES_ERROR;
				GCC_WARN_UNDECLARED_SELECTOR = YES;
				GCC_WARN_UNINITIALIZED_AUTOS = YES_AGGRESSIVE;
				GCC_WARN_UNUSED_FUNCTION = YES;
				GCC_WARN_UNUSED_VARIABLE = YES;
				IPHONEOS_DEPLOYMENT_TARGET = 9.2;
				MTL_ENABLE_DEBUG_INFO = YES;
				ONLY_ACTIVE_ARCH = YES;
				SDKROOT = iphoneos;
				SWIFT_OPTIMIZATION_LEVEL = "-Onone";
				TARGETED_DEVICE_FAMILY = "1,2";
			};
			name = Debug;
		};
		93816F591CD0BB0900B77110 /* Release */ = {
			isa = XCBuildConfiguration;
			buildSettings = {
				ALWAYS_SEARCH_USER_PATHS = NO;
				CLANG_CXX_LANGUAGE_STANDARD = "gnu++0x";
				CLANG_CXX_LIBRARY = "libc++";
				CLANG_ENABLE_MODULES = YES;
				CLANG_ENABLE_OBJC_ARC = YES;
				CLANG_WARN_BOOL_CONVERSION = YES;
				CLANG_WARN_CONSTANT_CONVERSION = YES;
				CLANG_WARN_DIRECT_OBJC_ISA_USAGE = YES_ERROR;
				CLANG_WARN_EMPTY_BODY = YES;
				CLANG_WARN_ENUM_CONVERSION = YES;
				CLANG_WARN_INT_CONVERSION = YES;
				CLANG_WARN_OBJC_ROOT_CLASS = YES_ERROR;
				CLANG_WARN_UNREACHABLE_CODE = YES;
				CLANG_WARN__DUPLICATE_METHOD_MATCH = YES;
				"CODE_SIGN_IDENTITY[sdk=iphoneos*]" = "iPhone Developer";
				COPY_PHASE_STRIP = NO;
				DEBUG_INFORMATION_FORMAT = "dwarf-with-dsym";
				ENABLE_NS_ASSERTIONS = NO;
				ENABLE_STRICT_OBJC_MSGSEND = YES;
				GCC_C_LANGUAGE_STANDARD = gnu99;
				GCC_NO_COMMON_BLOCKS = YES;
				GCC_WARN_64_TO_32_BIT_CONVERSION = YES;
				GCC_WARN_ABOUT_RETURN_TYPE = YES_ERROR;
				GCC_WARN_UNDECLARED_SELECTOR = YES;
				GCC_WARN_UNINITIALIZED_AUTOS = YES_AGGRESSIVE;
				GCC_WARN_UNUSED_FUNCTION = YES;
				GCC_WARN_UNUSED_VARIABLE = YES;
				IPHONEOS_DEPLOYMENT_TARGET = 9.2;
				MTL_ENABLE_DEBUG_INFO = NO;
				SDKROOT = iphoneos;
				TARGETED_DEVICE_FAMILY = "1,2";
				VALIDATE_PRODUCT = YES;
			};
			name = Release;
		};
		93816F5B1CD0BB0900B77110 /* Debug */ = {
			isa = XCBuildConfiguration;
			buildSettings = {
				ASSETCATALOG_COMPILER_APPICON_NAME = AppIcon;
				INFOPLIST_FILE = Html54.27/Info.plist;
				LD_RUNPATH_SEARCH_PATHS = "$(inherited) @executable_path/Frameworks";
				PRODUCT_BUNDLE_IDENTIFIER = "zhanghaoyu.Html54-27";
				PRODUCT_NAME = "$(TARGET_NAME)";
			};
			name = Debug;
		};
		93816F5C1CD0BB0900B77110 /* Release */ = {
			isa = XCBuildConfiguration;
			buildSettings = {
				ASSETCATALOG_COMPILER_APPICON_NAME = AppIcon;
				INFOPLIST_FILE = Html54.27/Info.plist;
				LD_RUNPATH_SEARCH_PATHS = "$(inherited) @executable_path/Frameworks";
				PRODUCT_BUNDLE_IDENTIFIER = "zhanghaoyu.Html54-27";
				PRODUCT_NAME = "$(TARGET_NAME)";
			};
			name = Release;
		};
		93816F5E1CD0BB0900B77110 /* Debug */ = {
			isa = XCBuildConfiguration;
			buildSettings = {
				BUNDLE_LOADER = "$(TEST_HOST)";
				INFOPLIST_FILE = Html54.27Tests/Info.plist;
				LD_RUNPATH_SEARCH_PATHS = "$(inherited) @executable_path/Frameworks @loader_path/Frameworks";
				PRODUCT_BUNDLE_IDENTIFIER = "zhanghaoyu.Html54-27Tests";
				PRODUCT_NAME = "$(TARGET_NAME)";
				TEST_HOST = "$(BUILT_PRODUCTS_DIR)/Html54.27.app/Html54.27";
			};
			name = Debug;
		};
		93816F5F1CD0BB0900B77110 /* Release */ = {
			isa = XCBuildConfiguration;
			buildSettings = {
				BUNDLE_LOADER = "$(TEST_HOST)";
				INFOPLIST_FILE = Html54.27Tests/Info.plist;
				LD_RUNPATH_SEARCH_PATHS = "$(inherited) @executable_path/Frameworks @loader_path/Frameworks";
				PRODUCT_BUNDLE_IDENTIFIER = "zhanghaoyu.Html54-27Tests";
				PRODUCT_NAME = "$(TARGET_NAME)";
				TEST_HOST = "$(BUILT_PRODUCTS_DIR)/Html54.27.app/Html54.27";
			};
			name = Release;
		};
		93816F611CD0BB0900B77110 /* Debug */ = {
			isa = XCBuildConfiguration;
			buildSettings = {
				INFOPLIST_FILE = Html54.27UITests/Info.plist;
				LD_RUNPATH_SEARCH_PATHS = "$(inherited) @executable_path/Frameworks @loader_path/Frameworks";
				PRODUCT_BUNDLE_IDENTIFIER = "zhanghaoyu.Html54-27UITests";
				PRODUCT_NAME = "$(TARGET_NAME)";
				TEST_TARGET_NAME = Html54.27;
				USES_XCTRUNNER = YES;
			};
			name = Debug;
		};
		93816F621CD0BB0900B77110 /* Release */ = {
			isa = XCBuildConfiguration;
			buildSettings = {
				INFOPLIST_FILE = Html54.27UITests/Info.plist;
				LD_RUNPATH_SEARCH_PATHS = "$(inherited) @executable_path/Frameworks @loader_path/Frameworks";
				PRODUCT_BUNDLE_IDENTIFIER = "zhanghaoyu.Html54-27UITests";
				PRODUCT_NAME = "$(TARGET_NAME)";
				TEST_TARGET_NAME = Html54.27;
				USES_XCTRUNNER = YES;
			};
			name = Release;
		};
/* End XCBuildConfiguration section */

/* Begin XCConfigurationList section */
		93816F2D1CD0BB0700B77110 /* Build configuration list for PBXProject "Html54.27" */ = {
			isa = XCConfigurationList;
			buildConfigurations = (
				93816F581CD0BB0900B77110 /* Debug */,
				93816F591CD0BB0900B77110 /* Release */,
			);
			defaultConfigurationIsVisible = 0;
			defaultConfigurationName = Release;
		};
		93816F5A1CD0BB0900B77110 /* Build configuration list for PBXNativeTarget "Html54.27" */ = {
			isa = XCConfigurationList;
			buildConfigurations = (
				93816F5B1CD0BB0900B77110 /* Debug */,
				93816F5C1CD0BB0900B77110 /* Release */,
			);
			defaultConfigurationIsVisible = 0;
		};
		93816F5D1CD0BB0900B77110 /* Build configuration list for PBXNativeTarget "Html54.27Tests" */ = {
			isa = XCConfigurationList;
			buildConfigurations = (
				93816F5E1CD0BB0900B77110 /* Debug */,
				93816F5F1CD0BB0900B77110 /* Release */,
			);
			defaultConfigurationIsVisible = 0;
		};
		93816F601CD0BB0900B77110 /* Build configuration list for PBXNativeTarget "Html54.27UITests" */ = {
			isa = XCConfigurationList;
			buildConfigurations = (
				93816F611CD0BB0900B77110 /* Debug */,
				93816F621CD0BB0900B77110 /* Release */,
			);
			defaultConfigurationIsVisible = 0;
		};
/* End XCConfigurationList section */
	};
	rootObject = 93816F2A1CD0BB0700B77110 /* Project object */;
}
